
Microsoft Visual Studio Solution File, Format Version 12.00
# Visual Studio Version 17
VisualStudioVersion = 17.4.33110.190
MinimumVisualStudioVersion = 10.0.40219.1
Project("{9A19103F-16F7-4668-BE54-9A1E7A4F7556}") = "EmployeeManager", "EmployeeManager\EmployeeManager.csproj", "{5B5C1BBB-D18E-4599-A97F-E281BDEC27AB}"
EndProject
Global
	GlobalSection(SolutionConfigurationPlatforms) = preSolution
		Debug|Any CPU = Debug|Any CPU
		Release|Any CPU = Release|Any CPU
	EndGlobalSection
	GlobalSection(ProjectConfigurationPlatforms) = postSolution
		{5B5C1BBB-D18E-4599-A97F-E281BDEC27AB}.Debug|Any CPU.ActiveCfg = Debug|Any CPU
		{5B5C1BBB-D18E-4599-A97F-E281BDEC27AB}.Debug|Any CPU.Build.0 = Debug|Any CPU
		{5B5C1BBB-D18E-4599-A97F-E281BDEC27AB}.Release|Any CPU.ActiveCfg = Release|Any CPU
		{5B5C1BBB-D18E-4599-A97F-E281BDEC27AB}.Release|Any CPU.Build.0 = Release|Any CPU
	EndGlobalSection
	GlobalSection(SolutionProperties) = preSolution
		HideSolutionNode = FALSE
	EndGlobalSection
	GlobalSection(ExtensibilityGlobals) = postSolution
		SolutionGuid = {7CD16947-D14E-46DC-873F-2A0F19019FD1}
	EndGlobalSection
EndGlobal
