
Microsoft Visual Studio Solution File, Format Version 12.00
# Visual Studio Version 17
VisualStudioVersion = 17.4.33110.190
MinimumVisualStudioVersion = 10.0.40219.1
Project("{9A19103F-16F7-4668-BE54-9A1E7A4F7556}") = "DoorLockStateConsole", "DoorLockStateConsole\DoorLockStateConsole.csproj", "{90B4D9AF-F800-498D-8F8A-E83C7F655FF0}"
EndProject
Project("{FAE04EC0-301F-11D3-BF4B-00C04F79EFBC}") = "DoorLockStateConsole.Tests", "DoorLockStateConsole.Tests\DoorLockStateConsole.Tests.csproj", "{AA8A07A4-76D7-40F4-9F66-1C932A56E912}"
EndProject
Global
	GlobalSection(SolutionConfigurationPlatforms) = preSolution
		Debug|Any CPU = Debug|Any CPU
		Release|Any CPU = Release|Any CPU
	EndGlobalSection
	GlobalSection(ProjectConfigurationPlatforms) = postSolution
		{90B4D9AF-F800-498D-8F8A-E83C7F655FF0}.Debug|Any CPU.ActiveCfg = Debug|Any CPU
		{90B4D9AF-F800-498D-8F8A-E83C7F655FF0}.Debug|Any CPU.Build.0 = Debug|Any CPU
		{90B4D9AF-F800-498D-8F8A-E83C7F655FF0}.Release|Any CPU.ActiveCfg = Release|Any CPU
		{90B4D9AF-F800-498D-8F8A-E83C7F655FF0}.Release|Any CPU.Build.0 = Release|Any CPU
		{AA8A07A4-76D7-40F4-9F66-1C932A56E912}.Debug|Any CPU.ActiveCfg = Debug|Any CPU
		{AA8A07A4-76D7-40F4-9F66-1C932A56E912}.Debug|Any CPU.Build.0 = Debug|Any CPU
		{AA8A07A4-76D7-40F4-9F66-1C932A56E912}.Release|Any CPU.ActiveCfg = Release|Any CPU
		{AA8A07A4-76D7-40F4-9F66-1C932A56E912}.Release|Any CPU.Build.0 = Release|Any CPU
	EndGlobalSection
	GlobalSection(SolutionProperties) = preSolution
		HideSolutionNode = FALSE
	EndGlobalSection
	GlobalSection(ExtensibilityGlobals) = postSolution
		SolutionGuid = {A8012ED5-6D38-45B3-B1BA-C58F3048E3DA}
	EndGlobalSection
EndGlobal
